// !$*UTF8*$!
{
	archiveVersion = 1;
	classes = {
	};
	objectVersion = 51;
	objects = {

/* Begin PBXBuildFile section */
		1FA5636B22DEE7BE00980806 /* AppDelegate.swift in Sources */ = {isa = PBXBuildFile; fileRef = 1FA5636A22DEE7BE00980806 /* AppDelegate.swift */; };
		1FA5636D22DEE7BE00980806 /* ViewController.swift in Sources */ = {isa = PBXBuildFile; fileRef = 1FA5636C22DEE7BE00980806 /* ViewController.swift */; };
		1FA5637022DEE7BE00980806 /* Main.storyboard in Resources */ = {isa = PBXBuildFile; fileRef = 1FA5636E22DEE7BE00980806 /* Main.storyboard */; };
		1FA5637222DEE7BF00980806 /* Assets.xcassets in Resources */ = {isa = PBXBuildFile; fileRef = 1FA5637122DEE7BF00980806 /* Assets.xcassets */; };
		1FA5637522DEE7BF00980806 /* LaunchScreen.storyboard in Resources */ = {isa = PBXBuildFile; fileRef = 1FA5637322DEE7BF00980806 /* LaunchScreen.storyboard */; };
		E498E3D077C4596D465E07DB /* Pods_EngatiSampleApp.framework in Frameworks */ = {isa = PBXBuildFile; fileRef = D6DAADE79B9E08AA86673A2B /* Pods_EngatiSampleApp.framework */; };
/* End PBXBuildFile section */

/* Begin PBXFileReference section */
		12BA5789583978489A7EE8C6 /* Pods-EngatiSampleApp.release.xcconfig */ = {isa = PBXFileReference; includeInIndex = 1; lastKnownFileType = text.xcconfig; name = "Pods-EngatiSampleApp.release.xcconfig"; path = "Target Support Files/Pods-EngatiSampleApp/Pods-EngatiSampleApp.release.xcconfig"; sourceTree = "<group>"; };
		1F836A9B233DF93200F924EF /* ar */ = {isa = PBXFileReference; lastKnownFileType = text.plist.strings; name = ar; path = ar.lproj/Main.strings; sourceTree = "<group>"; };
		1F836A9C233DF93200F924EF /* ar */ = {isa = PBXFileReference; lastKnownFileType = text.plist.strings; name = ar; path = ar.lproj/LaunchScreen.strings; sourceTree = "<group>"; };
		1FA5636722DEE7BE00980806 /* EngatiSampleApp.app */ = {isa = PBXFileReference; explicitFileType = wrapper.application; includeInIndex = 0; path = EngatiSampleApp.app; sourceTree = BUILT_PRODUCTS_DIR; };
		1FA5636A22DEE7BE00980806 /* AppDelegate.swift */ = {isa = PBXFileReference; lastKnownFileType = sourcecode.swift; path = AppDelegate.swift; sourceTree = "<group>"; };
		1FA5636C22DEE7BE00980806 /* ViewController.swift */ = {isa = PBXFileReference; lastKnownFileType = sourcecode.swift; path = ViewController.swift; sourceTree = "<group>"; };
		1FA5636F22DEE7BE00980806 /* Base */ = {isa = PBXFileReference; lastKnownFileType = file.storyboard; name = Base; path = Base.lproj/Main.storyboard; sourceTree = "<group>"; };
		1FA5637122DEE7BF00980806 /* Assets.xcassets */ = {isa = PBXFileReference; lastKnownFileType = folder.assetcatalog; path = Assets.xcassets; sourceTree = "<group>"; };
		1FA5637422DEE7BF00980806 /* Base */ = {isa = PBXFileReference; lastKnownFileType = file.storyboard; name = Base; path = Base.lproj/LaunchScreen.storyboard; sourceTree = "<group>"; };
		1FA5637622DEE7BF00980806 /* Info.plist */ = {isa = PBXFileReference; lastKnownFileType = text.plist.xml; path = Info.plist; sourceTree = "<group>"; };
		9563F6BCDE373ABDE77E91D5 /* Pods-EngatiSampleApp.debug.xcconfig */ = {isa = PBXFileReference; includeInIndex = 1; lastKnownFileType = text.xcconfig; name = "Pods-EngatiSampleApp.debug.xcconfig"; path = "Target Support Files/Pods-EngatiSampleApp/Pods-EngatiSampleApp.debug.xcconfig"; sourceTree = "<group>"; };
		D6DAADE79B9E08AA86673A2B /* Pods_EngatiSampleApp.framework */ = {isa = PBXFileReference; explicitFileType = wrapper.framework; includeInIndex = 0; path = Pods_EngatiSampleApp.framework; sourceTree = BUILT_PRODUCTS_DIR; };
/* End PBXFileReference section */

/* Begin PBXFrameworksBuildPhase section */
		1FA5636422DEE7BE00980806 /* Frameworks */ = {
			isa = PBXFrameworksBuildPhase;
			buildActionMask = 2147483647;
			files = (
				E498E3D077C4596D465E07DB /* Pods_EngatiSampleApp.framework in Frameworks */,
			);
			runOnlyForDeploymentPostprocessing = 0;
		};
/* End PBXFrameworksBuildPhase section */

/* Begin PBXGroup section */
		151B304A400FBE98CA40A284 /* Frameworks */ = {
			isa = PBXGroup;
			children = (
				D6DAADE79B9E08AA86673A2B /* Pods_EngatiSampleApp.framework */,
			);
			name = Frameworks;
			sourceTree = "<group>";
		};
		1BA85DBA39523CE84F43807F /* Pods */ = {
			isa = PBXGroup;
			children = (
				9563F6BCDE373ABDE77E91D5 /* Pods-EngatiSampleApp.debug.xcconfig */,
				12BA5789583978489A7EE8C6 /* Pods-EngatiSampleApp.release.xcconfig */,
			);
			path = Pods;
			sourceTree = "<group>";
		};
		1FA5635E22DEE7BE00980806 = {
			isa = PBXGroup;
			children = (
				1FA5636922DEE7BE00980806 /* EngatiSampleApp */,
				1FA5636822DEE7BE00980806 /* Products */,
				1BA85DBA39523CE84F43807F /* Pods */,
				151B304A400FBE98CA40A284 /* Frameworks */,
			);
			sourceTree = "<group>";
		};
		1FA5636822DEE7BE00980806 /* Products */ = {
			isa = PBXGroup;
			children = (
				1FA5636722DEE7BE00980806 /* EngatiSampleApp.app */,
			);
			name = Products;
			sourceTree = "<group>";
		};
		1FA5636922DEE7BE00980806 /* EngatiSampleApp */ = {
			isa = PBXGroup;
			children = (
				1FA5636A22DEE7BE00980806 /* AppDelegate.swift */,
				1FA5636C22DEE7BE00980806 /* ViewController.swift */,
				1FA5636E22DEE7BE00980806 /* Main.storyboard */,
				1FA5637122DEE7BF00980806 /* Assets.xcassets */,
				1FA5637322DEE7BF00980806 /* LaunchScreen.storyboard */,
				1FA5637622DEE7BF00980806 /* Info.plist */,
			);
			path = EngatiSampleApp;
			sourceTree = "<group>";
		};
/* End PBXGroup section */

/* Begin PBXNativeTarget section */
		1FA5636622DEE7BE00980806 /* EngatiSampleApp */ = {
			isa = PBXNativeTarget;
			buildConfigurationList = 1FA5637922DEE7BF00980806 /* Build configuration list for PBXNativeTarget "EngatiSampleApp" */;
			buildPhases = (
				80715E919284D126AAB70B17 /* [CP] Check Pods Manifest.lock */,
				1FA5636322DEE7BE00980806 /* Sources */,
				1FA5636422DEE7BE00980806 /* Frameworks */,
				1FA5636522DEE7BE00980806 /* Resources */,
				275A7551A8709BC8F059EA00 /* [CP] Embed Pods Frameworks */,
			);
			buildRules = (
			);
			dependencies = (
			);
			name = EngatiSampleApp;
			productName = EngatiSampleApp;
			productReference = 1FA5636722DEE7BE00980806 /* EngatiSampleApp.app */;
			productType = "com.apple.product-type.application";
		};
/* End PBXNativeTarget section */

/* Begin PBXProject section */
		1FA5635F22DEE7BE00980806 /* Project object */ = {
			isa = PBXProject;
			attributes = {
				LastSwiftUpdateCheck = 1020;
				LastUpgradeCheck = 1020;
				ORGANIZATIONNAME = "Mayur Kothawade";
				TargetAttributes = {
					1FA5636622DEE7BE00980806 = {
						CreatedOnToolsVersion = 10.2.1;
					};
				};
			};
			buildConfigurationList = 1FA5636222DEE7BE00980806 /* Build configuration list for PBXProject "EngatiSampleApp" */;
			compatibilityVersion = "Xcode 9.3";
			developmentRegion = en;
			hasScannedForEncodings = 0;
			knownRegions = (
				en,
				Base,
				ar,
			);
			mainGroup = 1FA5635E22DEE7BE00980806;
			productRefGroup = 1FA5636822DEE7BE00980806 /* Products */;
			projectDirPath = "";
			projectRoot = "";
			targets = (
				1FA5636622DEE7BE00980806 /* EngatiSampleApp */,
			);
		};
/* End PBXProject section */

/* Begin PBXResourcesBuildPhase section */
		1FA5636522DEE7BE00980806 /* Resources */ = {
			isa = PBXResourcesBuildPhase;
			buildActionMask = 2147483647;
			files = (
				1FA5637522DEE7BF00980806 /* LaunchScreen.storyboard in Resources */,
				1FA5637222DEE7BF00980806 /* Assets.xcassets in Resources */,
				1FA5637022DEE7BE00980806 /* Main.storyboard in Resources */,
			);
			runOnlyForDeploymentPostprocessing = 0;
		};
/* End PBXResourcesBuildPhase section */

/* Begin PBXShellScriptBuildPhase section */
		275A7551A8709BC8F059EA00 /* [CP] Embed Pods Frameworks */ = {
			isa = PBXShellScriptBuildPhase;
			buildActionMask = 2147483647;
			files = (
			);
			inputFileListPaths = (
				"${PODS_ROOT}/Target Support Files/Pods-EngatiSampleApp/Pods-EngatiSampleApp-frameworks-${CONFIGURATION}-input-files.xcfilelist",
			);
			name = "[CP] Embed Pods Frameworks";
			outputFileListPaths = (
				"${PODS_ROOT}/Target Support Files/Pods-EngatiSampleApp/Pods-EngatiSampleApp-frameworks-${CONFIGURATION}-output-files.xcfilelist",
			);
			runOnlyForDeploymentPostprocessing = 0;
			shellPath = /bin/sh;
			shellScript = "\"${PODS_ROOT}/Target Support Files/Pods-EngatiSampleApp/Pods-EngatiSampleApp-frameworks.sh\"\n";
			showEnvVarsInLog = 0;
		};
		80715E919284D126AAB70B17 /* [CP] Check Pods Manifest.lock */ = {
			isa = PBXShellScriptBuildPhase;
			buildActionMask = 2147483647;
			files = (
			);
			inputFileListPaths = (
			);
			inputPaths = (
				"${PODS_PODFILE_DIR_PATH}/Podfile.lock",
				"${PODS_ROOT}/Manifest.lock",
			);
			name = "[CP] Check Pods Manifest.lock";
			outputFileListPaths = (
			);
			outputPaths = (
				"$(DERIVED_FILE_DIR)/Pods-EngatiSampleApp-checkManifestLockResult.txt",
			);
			runOnlyForDeploymentPostprocessing = 0;
			shellPath = /bin/sh;
			shellScript = "diff \"${PODS_PODFILE_DIR_PATH}/Podfile.lock\" \"${PODS_ROOT}/Manifest.lock\" > /dev/null\nif [ $? != 0 ] ; then\n    # print error to STDERR\n    echo \"error: The sandbox is not in sync with the Podfile.lock. Run 'pod install' or update your CocoaPods installation.\" >&2\n    exit 1\nfi\n# This output is used by Xcode 'outputs' to avoid re-running this script phase.\necho \"SUCCESS\" > \"${SCRIPT_OUTPUT_FILE_0}\"\n";
			showEnvVarsInLog = 0;
		};
/* End PBXShellScriptBuildPhase section */

/* Begin PBXSourcesBuildPhase section */
		1FA5636322DEE7BE00980806 /* Sources */ = {
			isa = PBXSourcesBuildPhase;
			buildActionMask = 2147483647;
			files = (
				1FA5636D22DEE7BE00980806 /* ViewController.swift in Sources */,
				1FA5636B22DEE7BE00980806 /* AppDelegate.swift in Sources */,
			);
			runOnlyForDeploymentPostprocessing = 0;
		};
/* End PBXSourcesBuildPhase section */

/* Begin PBXVariantGroup section */
		1FA5636E22DEE7BE00980806 /* Main.storyboard */ = {
			isa = PBXVariantGroup;
			children = (
				1FA5636F22DEE7BE00980806 /* Base */,
				1F836A9B233DF93200F924EF /* ar */,
			);
			name = Main.storyboard;
			sourceTree = "<group>";
		};
		1FA5637322DEE7BF00980806 /* LaunchScreen.storyboard */ = {
			isa = PBXVariantGroup;
			children = (
				1FA5637422DEE7BF00980806 /* Base */,
				1F836A9C233DF93200F924EF /* ar */,
			);
			name = LaunchScreen.storyboard;
			sourceTree = "<group>";
		};
/* End PBXVariantGroup section */

/* Begin XCBuildConfiguration section */
		1FA5637722DEE7BF00980806 /* Debug */ = {
			isa = XCBuildConfiguration;
			buildSettings = {
				ALWAYS_SEARCH_USER_PATHS = NO;
				CLANG_ANALYZER_LOCALIZABILITY_NONLOCALIZED = YES;
				CLANG_ANALYZER_NONNULL = YES;
				CLANG_ANALYZER_NUMBER_OBJECT_CONVERSION = YES_AGGRESSIVE;
				CLANG_CXX_LANGUAGE_STANDARD = "gnu++14";
				CLANG_CXX_LIBRARY = "libc++";
				CLANG_ENABLE_MODULES = YES;
				CLANG_ENABLE_OBJC_ARC = YES;
				CLANG_ENABLE_OBJC_WEAK = YES;
				CLANG_WARN_BLOCK_CAPTURE_AUTORELEASING = YES;
				CLANG_WARN_BOOL_CONVERSION = YES;
				CLANG_WARN_COMMA = YES;
				CLANG_WARN_CONSTANT_CONVERSION = YES;
				CLANG_WARN_DEPRECATED_OBJC_IMPLEMENTATIONS = YES;
				CLANG_WARN_DIRECT_OBJC_ISA_USAGE = YES_ERROR;
				CLANG_WARN_DOCUMENTATION_COMMENTS = YES;
				CLANG_WARN_EMPTY_BODY = YES;
				CLANG_WARN_ENUM_CONVERSION = YES;
				CLANG_WARN_INFINITE_RECURSION = YES;
				CLANG_WARN_INT_CONVERSION = YES;
				CLANG_WARN_NON_LITERAL_NULL_CONVERSION = YES;
				CLANG_WARN_OBJC_IMPLICIT_RETAIN_SELF = YES;
				CLANG_WARN_OBJC_LITERAL_CONVERSION = YES;
				CLANG_WARN_OBJC_ROOT_CLASS = YES_ERROR;
				CLANG_WARN_RANGE_LOOP_ANALYSIS = YES;
				CLANG_WARN_STRICT_PROTOTYPES = YES;
				CLANG_WARN_SUSPICIOUS_MOVE = YES;
				CLANG_WARN_UNGUARDED_AVAILABILITY = YES_AGGRESSIVE;
				CLANG_WARN_UNREACHABLE_CODE = YES;
				CLANG_WARN__DUPLICATE_METHOD_MATCH = YES;
				CODE_SIGN_IDENTITY = "iPhone Developer";
				COPY_PHASE_STRIP = NO;
				DEBUG_INFORMATION_FORMAT = dwarf;
				ENABLE_STRICT_OBJC_MSGSEND = YES;
				ENABLE_TESTABILITY = YES;
				GCC_C_LANGUAGE_STANDARD = gnu11;
				GCC_DYNAMIC_NO_PIC = NO;
				GCC_NO_COMMON_BLOCKS = YES;
				GCC_OPTIMIZATION_LEVEL = 0;
				GCC_PREPROCESSOR_DEFINITIONS = (
					"DEBUG=1",
					"$(inherited)",
				);
				GCC_WARN_64_TO_32_BIT_CONVERSION = YES;
				GCC_WARN_ABOUT_RETURN_TYPE = YES_ERROR;
				GCC_WARN_UNDECLARED_SELECTOR = YES;
				GCC_WARN_UNINITIALIZED_AUTOS = YES_AGGRESSIVE;
				GCC_WARN_UNUSED_FUNCTION = YES;
				GCC_WARN_UNUSED_VARIABLE = YES;
				IPHONEOS_DEPLOYMENT_TARGET = 12.2;
				MTL_ENABLE_DEBUG_INFO = INCLUDE_SOURCE;
				MTL_FAST_MATH = YES;
				ONLY_ACTIVE_ARCH = YES;
				SDKROOT = iphoneos;
				SWIFT_ACTIVE_COMPILATION_CONDITIONS = DEBUG;
				SWIFT_OPTIMIZATION_LEVEL = "-Onone";
			};
			name = Debug;
		};
		1FA5637822DEE7BF00980806 /* Release */ = {
			isa = XCBuildConfiguration;
			buildSettings = {
				ALWAYS_SEARCH_USER_PATHS = NO;
				CLANG_ANALYZER_LOCALIZABILITY_NONLOCALIZED = YES;
				CLANG_ANALYZER_NONNULL = YES;
				CLANG_ANALYZER_NUMBER_OBJECT_CONVERSION = YES_AGGRESSIVE;
				CLANG_CXX_LANGUAGE_STANDARD = "gnu++14";
				CLANG_CXX_LIBRARY = "libc++";
				CLANG_ENABLE_MODULES = YES;
				CLANG_ENABLE_OBJC_ARC = YES;
				CLANG_ENABLE_OBJC_WEAK = YES;
				CLANG_WARN_BLOCK_CAPTURE_AUTORELEASING = YES;
				CLANG_WARN_BOOL_CONVERSION = YES;
				CLANG_WARN_COMMA = YES;
				CLANG_WARN_CONSTANT_CONVERSION = YES;
				CLANG_WARN_DEPRECATED_OBJC_IMPLEMENTATIONS = YES;
				CLANG_WARN_DIRECT_OBJC_ISA_USAGE = YES_ERROR;
				CLANG_WARN_DOCUMENTATION_COMMENTS = YES;
				CLANG_WARN_EMPTY_BODY = YES;
				CLANG_WARN_ENUM_CONVERSION = YES;
				CLANG_WARN_INFINITE_RECURSION = YES;
				CLANG_WARN_INT_CONVERSION = YES;
				CLANG_WARN_NON_LITERAL_NULL_CONVERSION = YES;
				CLANG_WARN_OBJC_IMPLICIT_RETAIN_SELF = YES;
				CLANG_WARN_OBJC_LITERAL_CONVERSION = YES;
				CLANG_WARN_OBJC_ROOT_CLASS = YES_ERROR;
				CLANG_WARN_RANGE_LOOP_ANALYSIS = YES;
				CLANG_WARN_STRICT_PROTOTYPES = YES;
				CLANG_WARN_SUSPICIOUS_MOVE = YES;
				CLANG_WARN_UNGUARDED_AVAILABILITY = YES_AGGRESSIVE;
				CLANG_WARN_UNREACHABLE_CODE = YES;
				CLANG_WARN__DUPLICATE_METHOD_MATCH = YES;
				CODE_SIGN_IDENTITY = "iPhone Developer";
				COPY_PHASE_STRIP = NO;
				DEBUG_INFORMATION_FORMAT = "dwarf-with-dsym";
				ENABLE_NS_ASSERTIONS = NO;
				ENABLE_STRICT_OBJC_MSGSEND = YES;
				GCC_C_LANGUAGE_STANDARD = gnu11;
				GCC_NO_COMMON_BLOCKS = YES;
				GCC_WARN_64_TO_32_BIT_CONVERSION = YES;
				GCC_WARN_ABOUT_RETURN_TYPE = YES_ERROR;
				GCC_WARN_UNDECLARED_SELECTOR = YES;
				GCC_WARN_UNINITIALIZED_AUTOS = YES_AGGRESSIVE;
				GCC_WARN_UNUSED_FUNCTION = YES;
				GCC_WARN_UNUSED_VARIABLE = YES;
				IPHONEOS_DEPLOYMENT_TARGET = 12.2;
				MTL_ENABLE_DEBUG_INFO = NO;
				MTL_FAST_MATH = YES;
				SDKROOT = iphoneos;
				SWIFT_COMPILATION_MODE = wholemodule;
				SWIFT_OPTIMIZATION_LEVEL = "-O";
				VALIDATE_PRODUCT = YES;
			};
			name = Release;
		};
		1FA5637A22DEE7BF00980806 /* Debug */ = {
			isa = XCBuildConfiguration;
			baseConfigurationReference = 9563F6BCDE373ABDE77E91D5 /* Pods-EngatiSampleApp.debug.xcconfig */;
			buildSettings = {
				ASSETCATALOG_COMPILER_APPICON_NAME = AppIcon;
				CODE_SIGN_STYLE = Automatic;
				DEVELOPMENT_TEAM = 5Y9ZVUY5KR;
				FRAMEWORK_SEARCH_PATHS = (
					"$(inherited)",
					"$(PROJECT_DIR)",
					"$(PROJECT_DIR)/build/striped",
				);
				INFOPLIST_FILE = EngatiSampleApp/Info.plist;
				IPHONEOS_DEPLOYMENT_TARGET = 10.0;
				LD_RUNPATH_SEARCH_PATHS = (
					"$(inherited)",
					"@executable_path/Frameworks",
				);
				PRODUCT_BUNDLE_IDENTIFIER = com.engati.sampleApp;
				PRODUCT_NAME = "$(TARGET_NAME)";
				SWIFT_VERSION = 5.0;
				TARGETED_DEVICE_FAMILY = "1,2";
				VALID_ARCHS = "arm64 arm64e armv7 armv7s";
			};
			name = Debug;
		};
		1FA5637B22DEE7BF00980806 /* Release */ = {
			isa = XCBuildConfiguration;
			baseConfigurationReference = 12BA5789583978489A7EE8C6 /* Pods-EngatiSampleApp.release.xcconfig */;
			buildSettings = {
				ASSETCATALOG_COMPILER_APPICON_NAME = AppIcon;
				CODE_SIGN_STYLE = Automatic;
				DEVELOPMENT_TEAM = 5Y9ZVUY5KR;
				FRAMEWORK_SEARCH_PATHS = (
					"$(inherited)",
					"$(PROJECT_DIR)",
					"$(PROJECT_DIR)/build/striped",
				);
				INFOPLIST_FILE = EngatiSampleApp/Info.plist;
				IPHONEOS_DEPLOYMENT_TARGET = 10.0;
				LD_RUNPATH_SEARCH_PATHS = (
					"$(inherited)",
					"@executable_path/Frameworks",
				);
				PRODUCT_BUNDLE_IDENTIFIER = com.engati.sampleApp;
				PRODUCT_NAME = "$(TARGET_NAME)";
				SWIFT_VERSION = 5.0;
				TARGETED_DEVICE_FAMILY = "1,2";
			};
			name = Release;
		};
/* End XCBuildConfiguration section */

/* Begin XCConfigurationList section */
		1FA5636222DEE7BE00980806 /* Build configuration list for PBXProject "EngatiSampleApp" */ = {
			isa = XCConfigurationList;
			buildConfigurations = (
				1FA5637722DEE7BF00980806 /* Debug */,
				1FA5637822DEE7BF00980806 /* Release */,
			);
			defaultConfigurationIsVisible = 0;
			defaultConfigurationName = Release;
		};
		1FA5637922DEE7BF00980806 /* Build configuration list for PBXNativeTarget "EngatiSampleApp" */ = {
			isa = XCConfigurationList;
			buildConfigurations = (
				1FA5637A22DEE7BF00980806 /* Debug */,
				1FA5637B22DEE7BF00980806 /* Release */,
			);
			defaultConfigurationIsVisible = 0;
			defaultConfigurationName = Release;
		};
/* End XCConfigurationList section */
	};
	rootObject = 1FA5635F22DEE7BE00980806 /* Project object */;
}
