PODS:
  - Alamofire (5.0.0-beta.7)
  - AlamofireImage (4.0.0-beta.4):
    - Alamofire (~> 5.0.0-beta.7)
  - EngatiChat (1.5.0):
    - Alamofire (<= 5.0.0-beta.7)
    - AlamofireImage (>= 4.0.0-beta.3)
    - Kingfisher
    - Socket.IO-Client-Swift (>= 15.1.0)
  - Kingfisher (5.8.3):
    - Kingfisher/Core (= 5.8.3)
  - Kingfisher/Core (5.8.3)
  - Socket.IO-Client-Swift (15.1.0):
    - Starscream (~> 3.1)
  - Starscream (3.1.1)

DEPENDENCIES:
  - EngatiChat

SPEC REPOS:
  trunk:
    - Alamofire
    - AlamofireImage
    - EngatiChat
    - Kingfisher
    - Socket.IO-Client-Swift
    - Starscream

SPEC CHECKSUMS:
  Alamofire: bd07938ceecad59d2492aeecb1f785a8f2721160
  AlamofireImage: 7eaf65bbb346d299515ba3daba4f723c12e01d5e
  EngatiChat: ce989afc9028d002c461d4d26e2fc8b2031b60dc
  Kingfisher: b7e4cb65ff24c264bd2a1284b75b974d907afd94
  Socket.IO-Client-Swift: 7cb44c0ffb86e158cee32d0642d30ec5fdcf8f61
  Starscream: 4bb2f9942274833f7b4d296a55504dcfc7edb7b0

PODFILE CHECKSUM: fa12bba60e62f6903e6b212609781ba448b7963b

COCOAPODS: 1.8.3
